
Microsoft Visual Studio Solution File, Format Version 12.00
# Visual Studio Version 17
VisualStudioVersion = 17.5.33502.453
MinimumVisualStudioVersion = 10.0.40219.1
Project("{FAE04EC0-301F-11D3-BF4B-00C04F79EFBC}") = "TestBot", "TestBot\TestBot.csproj", "{3E6F5E6B-2951-4268-BB25-47DE3F834195}"
EndProject
Global
	GlobalSection(SolutionConfigurationPlatforms) = preSolution
		Debug|Any CPU = Debug|Any CPU
		Release|Any CPU = Release|Any CPU
	EndGlobalSection
	GlobalSection(ProjectConfigurationPlatforms) = postSolution
		{3E6F5E6B-2951-4268-BB25-47DE3F834195}.Debug|Any CPU.ActiveCfg = Debug|Any CPU
		{3E6F5E6B-2951-4268-BB25-47DE3F834195}.Debug|Any CPU.Build.0 = Debug|Any CPU
		{3E6F5E6B-2951-4268-BB25-47DE3F834195}.Release|Any CPU.ActiveCfg = Release|Any CPU
		{3E6F5E6B-2951-4268-BB25-47DE3F834195}.Release|Any CPU.Build.0 = Release|Any CPU
	EndGlobalSection
	GlobalSection(SolutionProperties) = preSolution
		HideSolutionNode = FALSE
	EndGlobalSection
	GlobalSection(ExtensibilityGlobals) = postSolution
		SolutionGuid = {396F960B-D856-4F80-8F10-6F8468886E9F}
	EndGlobalSection
EndGlobal
